
Microsoft Visual Studio Solution File, Format Version 12.00
# Visual Studio Version 16
VisualStudioVersion = 16.0.30413.136
MinimumVisualStudioVersion = 10.0.40219.1
Project("{9A19103F-16F7-4668-BE54-9A1E7A4F7556}") = "Crmall.Domain", "Crmall.Domain\Crmall.Domain.csproj", "{CD6FB55C-F63D-4DE3-9896-A033435E2CA7}"
EndProject
Project("{9A19103F-16F7-4668-BE54-9A1E7A4F7556}") = "Crmall.Data", "Crlmall.Data\Crmall.Data.csproj", "{E73AD8E8-B563-45ED-A591-1B1EA80C8774}"
EndProject
Project("{9A19103F-16F7-4668-BE54-9A1E7A4F7556}") = "Crmall.Api", "Crmall.Api\Crmall.Api.csproj", "{8A26E525-0E7A-4031-9888-BF454F3FA58B}"
EndProject
Project("{9A19103F-16F7-4668-BE54-9A1E7A4F7556}") = "Crmall.Services", "Crmall.Services\Crmall.Services.csproj", "{855BA6C2-E38F-4A9C-B62D-E53C73C4C382}"
EndProject
Project("{9A19103F-16F7-4668-BE54-9A1E7A4F7556}") = "Crmall.CrossCutting", "Crmall.CrossCutting\Crmall.CrossCutting.csproj", "{4154291D-1BF8-4AA4-8A38-171380A858F6}"
EndProject
Global
	GlobalSection(SolutionConfigurationPlatforms) = preSolution
		Debug|Any CPU = Debug|Any CPU
		Release|Any CPU = Release|Any CPU
	EndGlobalSection
	GlobalSection(ProjectConfigurationPlatforms) = postSolution
		{CD6FB55C-F63D-4DE3-9896-A033435E2CA7}.Debug|Any CPU.ActiveCfg = Debug|Any CPU
		{CD6FB55C-F63D-4DE3-9896-A033435E2CA7}.Debug|Any CPU.Build.0 = Debug|Any CPU
		{CD6FB55C-F63D-4DE3-9896-A033435E2CA7}.Release|Any CPU.ActiveCfg = Release|Any CPU
		{CD6FB55C-F63D-4DE3-9896-A033435E2CA7}.Release|Any CPU.Build.0 = Release|Any CPU
		{E73AD8E8-B563-45ED-A591-1B1EA80C8774}.Debug|Any CPU.ActiveCfg = Debug|Any CPU
		{E73AD8E8-B563-45ED-A591-1B1EA80C8774}.Debug|Any CPU.Build.0 = Debug|Any CPU
		{E73AD8E8-B563-45ED-A591-1B1EA80C8774}.Release|Any CPU.ActiveCfg = Release|Any CPU
		{E73AD8E8-B563-45ED-A591-1B1EA80C8774}.Release|Any CPU.Build.0 = Release|Any CPU
		{8A26E525-0E7A-4031-9888-BF454F3FA58B}.Debug|Any CPU.ActiveCfg = Debug|Any CPU
		{8A26E525-0E7A-4031-9888-BF454F3FA58B}.Debug|Any CPU.Build.0 = Debug|Any CPU
		{8A26E525-0E7A-4031-9888-BF454F3FA58B}.Release|Any CPU.ActiveCfg = Release|Any CPU
		{8A26E525-0E7A-4031-9888-BF454F3FA58B}.Release|Any CPU.Build.0 = Release|Any CPU
		{855BA6C2-E38F-4A9C-B62D-E53C73C4C382}.Debug|Any CPU.ActiveCfg = Debug|Any CPU
		{855BA6C2-E38F-4A9C-B62D-E53C73C4C382}.Debug|Any CPU.Build.0 = Debug|Any CPU
		{855BA6C2-E38F-4A9C-B62D-E53C73C4C382}.Release|Any CPU.ActiveCfg = Release|Any CPU
		{855BA6C2-E38F-4A9C-B62D-E53C73C4C382}.Release|Any CPU.Build.0 = Release|Any CPU
		{4154291D-1BF8-4AA4-8A38-171380A858F6}.Debug|Any CPU.ActiveCfg = Debug|Any CPU
		{4154291D-1BF8-4AA4-8A38-171380A858F6}.Debug|Any CPU.Build.0 = Debug|Any CPU
		{4154291D-1BF8-4AA4-8A38-171380A858F6}.Release|Any CPU.ActiveCfg = Release|Any CPU
		{4154291D-1BF8-4AA4-8A38-171380A858F6}.Release|Any CPU.Build.0 = Release|Any CPU
	EndGlobalSection
	GlobalSection(SolutionProperties) = preSolution
		HideSolutionNode = FALSE
	EndGlobalSection
	GlobalSection(ExtensibilityGlobals) = postSolution
		SolutionGuid = {3FA47A9E-6A9F-41BA-80FC-8C0636B05A6B}
	EndGlobalSection
EndGlobal
